
Microsoft Visual Studio Solution File, Format Version 12.00
Project("{FAE04EC0-301F-11D3-BF4B-00C04F79EFBC}") = "CsharpTest", "CsharpTest\CsharpTest.csproj", "{DE1E0C8E-90BB-408D-95ED-F47D623DD28E}"
EndProject
Global
	GlobalSection(SolutionConfigurationPlatforms) = preSolution
		Debug|Any CPU = Debug|Any CPU
		Release|Any CPU = Release|Any CPU
	EndGlobalSection
	GlobalSection(ProjectConfigurationPlatforms) = postSolution
		{DE1E0C8E-90BB-408D-95ED-F47D623DD28E}.Debug|Any CPU.ActiveCfg = Debug|Any CPU
		{DE1E0C8E-90BB-408D-95ED-F47D623DD28E}.Debug|Any CPU.Build.0 = Debug|Any CPU
		{DE1E0C8E-90BB-408D-95ED-F47D623DD28E}.Release|Any CPU.ActiveCfg = Release|Any CPU
		{DE1E0C8E-90BB-408D-95ED-F47D623DD28E}.Release|Any CPU.Build.0 = Release|Any CPU
	EndGlobalSection
EndGlobal
